# This file is autogenerated, do not edit; changes may be undone by the next 'dep ensure'.


[[projects]]
  digest = "1:c8391f707ee923cfda65fef26b53c3420f93af60a4384068f93d5468a5d7deb9"
  name = "github.com/gempir/go-twitch-irc"
  packages = ["."]
  pruneopts = "NUT"
  revision = "bcc89ad5e9f578c055c496a0088af0a197d9948e"
  version = "v2.2.0"

[[projects]]
  digest = "1:948d6ffd670aa33e90898f3800e869593bf9f9c7408650cf88a99e9afc682a86"
  name = "github.com/go-chi/chi"
  packages = ["."]
  pruneopts = "NUT"
  revision = "da24bba8dcd4021cafac38724bf10dccc97c3e36"
  version = "v4.0.2"

[[projects]]
  branch = "master"
  digest = "1:6e7987068c1d94a3f3a06cf15b4229aa9612bdbd8099f52d42645861dc4c8b18"
  name = "github.com/patrickdappollonio/readfile"
  packages = ["."]
  pruneopts = "NUT"
  revision = "7ec95121f23cb0a0de53d45a703fff118fe4e072"

[solve-meta]
  analyzer-name = "dep"
  analyzer-version = 1
  input-imports = [
    "github.com/gempir/go-twitch-irc",
    "github.com/go-chi/chi",
    "github.com/patrickdappollonio/readfile",
  ]
  solver-name = "gps-cdcl"
  solver-version = 1
